// !$*UTF8*$!
{
	archiveVersion = 1;
	classes = {
	};
	objectVersion = 56;
	objects = {

/* Begin PBXBuildFile section */
		A52B043829F911E7008C0C20 /* PlantAppApp.swift in Sources */ = {isa = PBXBuildFile; fileRef = A52B043729F911E7008C0C20 /* PlantAppApp.swift */; };
		A52B043C29F911E9008C0C20 /* Assets.xcassets in Resources */ = {isa = PBXBuildFile; fileRef = A52B043B29F911E9008C0C20 /* Assets.xcassets */; };
		A52B043F29F911E9008C0C20 /* Preview Assets.xcassets in Resources */ = {isa = PBXBuildFile; fileRef = A52B043E29F911E9008C0C20 /* Preview Assets.xcassets */; };
		A52B044729F92E00008C0C20 /* WelcomeScreenView.swift in Sources */ = {isa = PBXBuildFile; fileRef = A52B044629F92E00008C0C20 /* WelcomeScreenView.swift */; };
		A52B044C29F93528008C0C20 /* HeaderView.swift in Sources */ = {isa = PBXBuildFile; fileRef = A52B044B29F93528008C0C20 /* HeaderView.swift */; };
		A52B045029FA753B008C0C20 /* CategoriesView.swift in Sources */ = {isa = PBXBuildFile; fileRef = A52B044F29FA753B008C0C20 /* CategoriesView.swift */; };
		A52B045429FA77AE008C0C20 /* SectionTitleView.swift in Sources */ = {isa = PBXBuildFile; fileRef = A52B045329FA77AE008C0C20 /* SectionTitleView.swift */; };
		A52B04562A06F16F008C0C20 /* HomeScreenView.swift in Sources */ = {isa = PBXBuildFile; fileRef = A52B04552A06F16F008C0C20 /* HomeScreenView.swift */; };
		A52B04582A06F593008C0C20 /* ContentView.swift in Sources */ = {isa = PBXBuildFile; fileRef = A52B04572A06F593008C0C20 /* ContentView.swift */; };
/* End PBXBuildFile section */

/* Begin PBXFileReference section */
		A52B043429F911E7008C0C20 /* PlantApp.app */ = {isa = PBXFileReference; explicitFileType = wrapper.application; includeInIndex = 0; path = PlantApp.app; sourceTree = BUILT_PRODUCTS_DIR; };
		A52B043729F911E7008C0C20 /* PlantAppApp.swift */ = {isa = PBXFileReference; lastKnownFileType = sourcecode.swift; path = PlantAppApp.swift; sourceTree = "<group>"; };
		A52B043B29F911E9008C0C20 /* Assets.xcassets */ = {isa = PBXFileReference; lastKnownFileType = folder.assetcatalog; path = Assets.xcassets; sourceTree = "<group>"; };
		A52B043E29F911E9008C0C20 /* Preview Assets.xcassets */ = {isa = PBXFileReference; lastKnownFileType = folder.assetcatalog; path = "Preview Assets.xcassets"; sourceTree = "<group>"; };
		A52B044629F92E00008C0C20 /* WelcomeScreenView.swift */ = {isa = PBXFileReference; lastKnownFileType = sourcecode.swift; path = WelcomeScreenView.swift; sourceTree = "<group>"; };
		A52B044B29F93528008C0C20 /* HeaderView.swift */ = {isa = PBXFileReference; lastKnownFileType = sourcecode.swift; path = HeaderView.swift; sourceTree = "<group>"; };
		A52B044F29FA753B008C0C20 /* CategoriesView.swift */ = {isa = PBXFileReference; lastKnownFileType = sourcecode.swift; path = CategoriesView.swift; sourceTree = "<group>"; };
		A52B045329FA77AE008C0C20 /* SectionTitleView.swift */ = {isa = PBXFileReference; lastKnownFileType = sourcecode.swift; path = SectionTitleView.swift; sourceTree = "<group>"; };
		A52B04552A06F16F008C0C20 /* HomeScreenView.swift */ = {isa = PBXFileReference; lastKnownFileType = sourcecode.swift; path = HomeScreenView.swift; sourceTree = "<group>"; };
		A52B04572A06F593008C0C20 /* ContentView.swift */ = {isa = PBXFileReference; lastKnownFileType = sourcecode.swift; path = ContentView.swift; sourceTree = "<group>"; };
/* End PBXFileReference section */

/* Begin PBXFrameworksBuildPhase section */
		A52B043129F911E7008C0C20 /* Frameworks */ = {
			isa = PBXFrameworksBuildPhase;
			buildActionMask = 2147483647;
			files = (
			);
			runOnlyForDeploymentPostprocessing = 0;
		};
/* End PBXFrameworksBuildPhase section */

/* Begin PBXGroup section */
		A52B042B29F911E7008C0C20 = {
			isa = PBXGroup;
			children = (
				A52B043629F911E7008C0C20 /* PlantApp */,
				A52B043529F911E7008C0C20 /* Products */,
			);
			sourceTree = "<group>";
		};
		A52B043529F911E7008C0C20 /* Products */ = {
			isa = PBXGroup;
			children = (
				A52B043429F911E7008C0C20 /* PlantApp.app */,
			);
			name = Products;
			sourceTree = "<group>";
		};
		A52B043629F911E7008C0C20 /* PlantApp */ = {
			isa = PBXGroup;
			children = (
				A52B044A29F93392008C0C20 /* Components */,
				A52B044529F92DDD008C0C20 /* Screens */,
				A52B043729F911E7008C0C20 /* PlantAppApp.swift */,
				A52B04572A06F593008C0C20 /* ContentView.swift */,
				A52B043B29F911E9008C0C20 /* Assets.xcassets */,
				A52B043D29F911E9008C0C20 /* Preview Content */,
			);
			path = PlantApp;
			sourceTree = "<group>";
		};
		A52B043D29F911E9008C0C20 /* Preview Content */ = {
			isa = PBXGroup;
			children = (
				A52B043E29F911E9008C0C20 /* Preview Assets.xcassets */,
			);
			path = "Preview Content";
			sourceTree = "<group>";
		};
		A52B044529F92DDD008C0C20 /* Screens */ = {
			isa = PBXGroup;
			children = (
				A52B044629F92E00008C0C20 /* WelcomeScreenView.swift */,
				A52B04552A06F16F008C0C20 /* HomeScreenView.swift */,
			);
			path = Screens;
			sourceTree = "<group>";
		};
		A52B044A29F93392008C0C20 /* Components */ = {
			isa = PBXGroup;
			children = (
				A52B044B29F93528008C0C20 /* HeaderView.swift */,
				A52B044F29FA753B008C0C20 /* CategoriesView.swift */,
				A52B045329FA77AE008C0C20 /* SectionTitleView.swift */,
			);
			path = Components;
			sourceTree = "<group>";
		};
/* End PBXGroup section */

/* Begin PBXNativeTarget section */
		A52B043329F911E7008C0C20 /* PlantApp */ = {
			isa = PBXNativeTarget;
			buildConfigurationList = A52B044229F911E9008C0C20 /* Build configuration list for PBXNativeTarget "PlantApp" */;
			buildPhases = (
				A52B043029F911E7008C0C20 /* Sources */,
				A52B043129F911E7008C0C20 /* Frameworks */,
				A52B043229F911E7008C0C20 /* Resources */,
			);
			buildRules = (
			);
			dependencies = (
			);
			name = PlantApp;
			productName = PlantApp;
			productReference = A52B043429F911E7008C0C20 /* PlantApp.app */;
			productType = "com.apple.product-type.application";
		};
/* End PBXNativeTarget section */

/* Begin PBXProject section */
		A52B042C29F911E7008C0C20 /* Project object */ = {
			isa = PBXProject;
			attributes = {
				BuildIndependentTargetsInParallel = 1;
				LastSwiftUpdateCheck = 1410;
				LastUpgradeCheck = 1410;
				TargetAttributes = {
					A52B043329F911E7008C0C20 = {
						CreatedOnToolsVersion = 14.1;
					};
				};
			};
			buildConfigurationList = A52B042F29F911E7008C0C20 /* Build configuration list for PBXProject "PlantApp" */;
			compatibilityVersion = "Xcode 14.0";
			developmentRegion = en;
			hasScannedForEncodings = 0;
			knownRegions = (
				en,
				Base,
			);
			mainGroup = A52B042B29F911E7008C0C20;
			productRefGroup = A52B043529F911E7008C0C20 /* Products */;
			projectDirPath = "";
			projectRoot = "";
			targets = (
				A52B043329F911E7008C0C20 /* PlantApp */,
			);
		};
/* End PBXProject section */

/* Begin PBXResourcesBuildPhase section */
		A52B043229F911E7008C0C20 /* Resources */ = {
			isa = PBXResourcesBuildPhase;
			buildActionMask = 2147483647;
			files = (
				A52B043F29F911E9008C0C20 /* Preview Assets.xcassets in Resources */,
				A52B043C29F911E9008C0C20 /* Assets.xcassets in Resources */,
			);
			runOnlyForDeploymentPostprocessing = 0;
		};
/* End PBXResourcesBuildPhase section */

/* Begin PBXSourcesBuildPhase section */
		A52B043029F911E7008C0C20 /* Sources */ = {
			isa = PBXSourcesBuildPhase;
			buildActionMask = 2147483647;
			files = (
				A52B044C29F93528008C0C20 /* HeaderView.swift in Sources */,
				A52B044729F92E00008C0C20 /* WelcomeScreenView.swift in Sources */,
				A52B04582A06F593008C0C20 /* ContentView.swift in Sources */,
				A52B045029FA753B008C0C20 /* CategoriesView.swift in Sources */,
				A52B043829F911E7008C0C20 /* PlantAppApp.swift in Sources */,
				A52B04562A06F16F008C0C20 /* HomeScreenView.swift in Sources */,
				A52B045429FA77AE008C0C20 /* SectionTitleView.swift in Sources */,
			);
			runOnlyForDeploymentPostprocessing = 0;
		};
/* End PBXSourcesBuildPhase section */

/* Begin XCBuildConfiguration section */
		A52B044029F911E9008C0C20 /* Debug */ = {
			isa = XCBuildConfiguration;
			buildSettings = {
				ALWAYS_SEARCH_USER_PATHS = NO;
				CLANG_ANALYZER_NONNULL = YES;
				CLANG_ANALYZER_NUMBER_OBJECT_CONVERSION = YES_AGGRESSIVE;
				CLANG_CXX_LANGUAGE_STANDARD = "gnu++20";
				CLANG_ENABLE_MODULES = YES;
				CLANG_ENABLE_OBJC_ARC = YES;
				CLANG_ENABLE_OBJC_WEAK = YES;
				CLANG_WARN_BLOCK_CAPTURE_AUTORELEASING = YES;
				CLANG_WARN_BOOL_CONVERSION = YES;
				CLANG_WARN_COMMA = YES;
				CLANG_WARN_CONSTANT_CONVERSION = YES;
				CLANG_WARN_DEPRECATED_OBJC_IMPLEMENTATIONS = YES;
				CLANG_WARN_DIRECT_OBJC_ISA_USAGE = YES_ERROR;
				CLANG_WARN_DOCUMENTATION_COMMENTS = YES;
				CLANG_WARN_EMPTY_BODY = YES;
				CLANG_WARN_ENUM_CONVERSION = YES;
				CLANG_WARN_INFINITE_RECURSION = YES;
				CLANG_WARN_INT_CONVERSION = YES;
				CLANG_WARN_NON_LITERAL_NULL_CONVERSION = YES;
				CLANG_WARN_OBJC_IMPLICIT_RETAIN_SELF = YES;
				CLANG_WARN_OBJC_LITERAL_CONVERSION = YES;
				CLANG_WARN_OBJC_ROOT_CLASS = YES_ERROR;
				CLANG_WARN_QUOTED_INCLUDE_IN_FRAMEWORK_HEADER = YES;
				CLANG_WARN_RANGE_LOOP_ANALYSIS = YES;
				CLANG_WARN_STRICT_PROTOTYPES = YES;
				CLANG_WARN_SUSPICIOUS_MOVE = YES;
				CLANG_WARN_UNGUARDED_AVAILABILITY = YES_AGGRESSIVE;
				CLANG_WARN_UNREACHABLE_CODE = YES;
				CLANG_WARN__DUPLICATE_METHOD_MATCH = YES;
				COPY_PHASE_STRIP = NO;
				DEBUG_INFORMATION_FORMAT = dwarf;
				ENABLE_STRICT_OBJC_MSGSEND = YES;
				ENABLE_TESTABILITY = YES;
				GCC_C_LANGUAGE_STANDARD = gnu11;
				GCC_DYNAMIC_NO_PIC = NO;
				GCC_NO_COMMON_BLOCKS = YES;
				GCC_OPTIMIZATION_LEVEL = 0;
				GCC_PREPROCESSOR_DEFINITIONS = (
					"DEBUG=1",
					"$(inherited)",
				);
				GCC_WARN_64_TO_32_BIT_CONVERSION = YES;
				GCC_WARN_ABOUT_RETURN_TYPE = YES_ERROR;
				GCC_WARN_UNDECLARED_SELECTOR = YES;
				GCC_WARN_UNINITIALIZED_AUTOS = YES_AGGRESSIVE;
				GCC_WARN_UNUSED_FUNCTION = YES;
				GCC_WARN_UNUSED_VARIABLE = YES;
				IPHONEOS_DEPLOYMENT_TARGET = 16.1;
				MTL_ENABLE_DEBUG_INFO = INCLUDE_SOURCE;
				MTL_FAST_MATH = YES;
				ONLY_ACTIVE_ARCH = YES;
				SDKROOT = iphoneos;
				SWIFT_ACTIVE_COMPILATION_CONDITIONS = DEBUG;
				SWIFT_OPTIMIZATION_LEVEL = "-Onone";
			};
			name = Debug;
		};
		A52B044129F911E9008C0C20 /* Release */ = {
			isa = XCBuildConfiguration;
			buildSettings = {
				ALWAYS_SEARCH_USER_PATHS = NO;
				CLANG_ANALYZER_NONNULL = YES;
				CLANG_ANALYZER_NUMBER_OBJECT_CONVERSION = YES_AGGRESSIVE;
				CLANG_CXX_LANGUAGE_STANDARD = "gnu++20";
				CLANG_ENABLE_MODULES = YES;
				CLANG_ENABLE_OBJC_ARC = YES;
				CLANG_ENABLE_OBJC_WEAK = YES;
				CLANG_WARN_BLOCK_CAPTURE_AUTORELEASING = YES;
				CLANG_WARN_BOOL_CONVERSION = YES;
				CLANG_WARN_COMMA = YES;
				CLANG_WARN_CONSTANT_CONVERSION = YES;
				CLANG_WARN_DEPRECATED_OBJC_IMPLEMENTATIONS = YES;
				CLANG_WARN_DIRECT_OBJC_ISA_USAGE = YES_ERROR;
				CLANG_WARN_DOCUMENTATION_COMMENTS = YES;
				CLANG_WARN_EMPTY_BODY = YES;
				CLANG_WARN_ENUM_CONVERSION = YES;
				CLANG_WARN_INFINITE_RECURSION = YES;
				CLANG_WARN_INT_CONVERSION = YES;
				CLANG_WARN_NON_LITERAL_NULL_CONVERSION = YES;
				CLANG_WARN_OBJC_IMPLICIT_RETAIN_SELF = YES;
				CLANG_WARN_OBJC_LITERAL_CONVERSION = YES;
				CLANG_WARN_OBJC_ROOT_CLASS = YES_ERROR;
				CLANG_WARN_QUOTED_INCLUDE_IN_FRAMEWORK_HEADER = YES;
				CLANG_WARN_RANGE_LOOP_ANALYSIS = YES;
				CLANG_WARN_STRICT_PROTOTYPES = YES;
				CLANG_WARN_SUSPICIOUS_MOVE = YES;
				CLANG_WARN_UNGUARDED_AVAILABILITY = YES_AGGRESSIVE;
				CLANG_WARN_UNREACHABLE_CODE = YES;
				CLANG_WARN__DUPLICATE_METHOD_MATCH = YES;
				COPY_PHASE_STRIP = NO;
				DEBUG_INFORMATION_FORMAT = "dwarf-with-dsym";
				ENABLE_NS_ASSERTIONS = NO;
				ENABLE_STRICT_OBJC_MSGSEND = YES;
				GCC_C_LANGUAGE_STANDARD = gnu11;
				GCC_NO_COMMON_BLOCKS = YES;
				GCC_WARN_64_TO_32_BIT_CONVERSION = YES;
				GCC_WARN_ABOUT_RETURN_TYPE = YES_ERROR;
				GCC_WARN_UNDECLARED_SELECTOR = YES;
				GCC_WARN_UNINITIALIZED_AUTOS = YES_AGGRESSIVE;
				GCC_WARN_UNUSED_FUNCTION = YES;
				GCC_WARN_UNUSED_VARIABLE = YES;
				IPHONEOS_DEPLOYMENT_TARGET = 16.1;
				MTL_ENABLE_DEBUG_INFO = NO;
				MTL_FAST_MATH = YES;
				SDKROOT = iphoneos;
				SWIFT_COMPILATION_MODE = wholemodule;
				SWIFT_OPTIMIZATION_LEVEL = "-O";
				VALIDATE_PRODUCT = YES;
			};
			name = Release;
		};
		A52B044329F911E9008C0C20 /* Debug */ = {
			isa = XCBuildConfiguration;
			buildSettings = {
				ASSETCATALOG_COMPILER_APPICON_NAME = AppIcon;
				ASSETCATALOG_COMPILER_GLOBAL_ACCENT_COLOR_NAME = AccentColor;
				CODE_SIGN_STYLE = Automatic;
				CURRENT_PROJECT_VERSION = 1;
				DEVELOPMENT_ASSET_PATHS = "\"PlantApp/Preview Content\"";
				DEVELOPMENT_TEAM = H9MVC6RYQM;
				ENABLE_PREVIEWS = YES;
				GENERATE_INFOPLIST_FILE = YES;
				INFOPLIST_KEY_UIApplicationSceneManifest_Generation = YES;
				INFOPLIST_KEY_UIApplicationSupportsIndirectInputEvents = YES;
				INFOPLIST_KEY_UILaunchScreen_Generation = YES;
				INFOPLIST_KEY_UISupportedInterfaceOrientations_iPad = "UIInterfaceOrientationPortrait UIInterfaceOrientationPortraitUpsideDown UIInterfaceOrientationLandscapeLeft UIInterfaceOrientationLandscapeRight";
				INFOPLIST_KEY_UISupportedInterfaceOrientations_iPhone = "UIInterfaceOrientationPortrait UIInterfaceOrientationLandscapeLeft UIInterfaceOrientationLandscapeRight";
				LD_RUNPATH_SEARCH_PATHS = (
					"$(inherited)",
					"@executable_path/Frameworks",
				);
				MARKETING_VERSION = 1.0;
				PRODUCT_BUNDLE_IDENTIFIER = test.PlantApp;
				PRODUCT_NAME = "$(TARGET_NAME)";
				SWIFT_EMIT_LOC_STRINGS = YES;
				SWIFT_VERSION = 5.0;
				TARGETED_DEVICE_FAMILY = "1,2";
			};
			name = Debug;
		};
		A52B044429F911E9008C0C20 /* Release */ = {
			isa = XCBuildConfiguration;
			buildSettings = {
				ASSETCATALOG_COMPILER_APPICON_NAME = AppIcon;
				ASSETCATALOG_COMPILER_GLOBAL_ACCENT_COLOR_NAME = AccentColor;
				CODE_SIGN_STYLE = Automatic;
				CURRENT_PROJECT_VERSION = 1;
				DEVELOPMENT_ASSET_PATHS = "\"PlantApp/Preview Content\"";
				DEVELOPMENT_TEAM = H9MVC6RYQM;
				ENABLE_PREVIEWS = YES;
				GENERATE_INFOPLIST_FILE = YES;
				INFOPLIST_KEY_UIApplicationSceneManifest_Generation = YES;
				INFOPLIST_KEY_UIApplicationSupportsIndirectInputEvents = YES;
				INFOPLIST_KEY_UILaunchScreen_Generation = YES;
				INFOPLIST_KEY_UISupportedInterfaceOrientations_iPad = "UIInterfaceOrientationPortrait UIInterfaceOrientationPortraitUpsideDown UIInterfaceOrientationLandscapeLeft UIInterfaceOrientationLandscapeRight";
				INFOPLIST_KEY_UISupportedInterfaceOrientations_iPhone = "UIInterfaceOrientationPortrait UIInterfaceOrientationLandscapeLeft UIInterfaceOrientationLandscapeRight";
				LD_RUNPATH_SEARCH_PATHS = (
					"$(inherited)",
					"@executable_path/Frameworks",
				);
				MARKETING_VERSION = 1.0;
				PRODUCT_BUNDLE_IDENTIFIER = test.PlantApp;
				PRODUCT_NAME = "$(TARGET_NAME)";
				SWIFT_EMIT_LOC_STRINGS = YES;
				SWIFT_VERSION = 5.0;
				TARGETED_DEVICE_FAMILY = "1,2";
			};
			name = Release;
		};
/* End XCBuildConfiguration section */

/* Begin XCConfigurationList section */
		A52B042F29F911E7008C0C20 /* Build configuration list for PBXProject "PlantApp" */ = {
			isa = XCConfigurationList;
			buildConfigurations = (
				A52B044029F911E9008C0C20 /* Debug */,
				A52B044129F911E9008C0C20 /* Release */,
			);
			defaultConfigurationIsVisible = 0;
			defaultConfigurationName = Release;
		};
		A52B044229F911E9008C0C20 /* Build configuration list for PBXNativeTarget "PlantApp" */ = {
			isa = XCConfigurationList;
			buildConfigurations = (
				A52B044329F911E9008C0C20 /* Debug */,
				A52B044429F911E9008C0C20 /* Release */,
			);
			defaultConfigurationIsVisible = 0;
			defaultConfigurationName = Release;
		};
/* End XCConfigurationList section */
	};
	rootObject = A52B042C29F911E7008C0C20 /* Project object */;
}
